# This file is automatically @generated by Cargo.
# It is not intended for manual editing.
version = 4

[[package]]
name = "karmazyn_shell"
version = "0.3.0"
dependencies = [
 "karmazyn_substrate",
]

[[package]]
name = "karmazyn_slab"
version = "0.1.0"

[[package]]
name = "karmazyn_substrate"
version = "0.1.0"
dependencies = [
 "karmazyn_slab",
]
